
Microsoft Visual Studio Solution File, Format Version 12.00
# Visual Studio Version 17
VisualStudioVersion = 17.9.34714.143
MinimumVisualStudioVersion = 10.0.40219.1
Project("{9A19103F-16F7-4668-BE54-9A1E7A4F7556}") = "Anjos.API", "src\Anjos.API\Anjos.API.csproj", "{E6BBFF6F-4BBC-4954-A0CE-BB1D7D1FD0F4}"
EndProject
Project("{2150E333-8FDC-42A3-9474-1A3956D46DE8}") = "src", "src", "{BADE2592-2DAB-413D-B57B-74A9864ADA7E}"
EndProject
Project("{9A19103F-16F7-4668-BE54-9A1E7A4F7556}") = "Anjos.Application", "src\Anjos.Application\Anjos.Application.csproj", "{842DA308-073E-45DD-9CC4-94EB803F8FCF}"
EndProject
Project("{9A19103F-16F7-4668-BE54-9A1E7A4F7556}") = "Anjos.Database", "src\Anjos.Database\Anjos.Database.csproj", "{9C375A05-061A-4AB5-A8E0-707F6B26F246}"
EndProject
Project("{9A19103F-16F7-4668-BE54-9A1E7A4F7556}") = "Anjos.Domain", "src\Anjos.Domain\Anjos.Domain.csproj", "{AFF002C3-1398-4B47-BA81-2D7CCE5810E7}"
EndProject
Project("{9A19103F-16F7-4668-BE54-9A1E7A4F7556}") = "Anjos.Model", "src\Anjos.Model\Anjos.Model.csproj", "{DA007106-3DBF-4FA6-887F-D9CF65BAFFC2}"
EndProject
Global
	GlobalSection(SolutionConfigurationPlatforms) = preSolution
		Debug|Any CPU = Debug|Any CPU
		Release|Any CPU = Release|Any CPU
	EndGlobalSection
	GlobalSection(ProjectConfigurationPlatforms) = postSolution
		{E6BBFF6F-4BBC-4954-A0CE-BB1D7D1FD0F4}.Debug|Any CPU.ActiveCfg = Debug|Any CPU
		{E6BBFF6F-4BBC-4954-A0CE-BB1D7D1FD0F4}.Debug|Any CPU.Build.0 = Debug|Any CPU
		{E6BBFF6F-4BBC-4954-A0CE-BB1D7D1FD0F4}.Release|Any CPU.ActiveCfg = Release|Any CPU
		{E6BBFF6F-4BBC-4954-A0CE-BB1D7D1FD0F4}.Release|Any CPU.Build.0 = Release|Any CPU
		{842DA308-073E-45DD-9CC4-94EB803F8FCF}.Debug|Any CPU.ActiveCfg = Debug|Any CPU
		{842DA308-073E-45DD-9CC4-94EB803F8FCF}.Debug|Any CPU.Build.0 = Debug|Any CPU
		{842DA308-073E-45DD-9CC4-94EB803F8FCF}.Release|Any CPU.ActiveCfg = Release|Any CPU
		{842DA308-073E-45DD-9CC4-94EB803F8FCF}.Release|Any CPU.Build.0 = Release|Any CPU
		{9C375A05-061A-4AB5-A8E0-707F6B26F246}.Debug|Any CPU.ActiveCfg = Debug|Any CPU
		{9C375A05-061A-4AB5-A8E0-707F6B26F246}.Debug|Any CPU.Build.0 = Debug|Any CPU
		{9C375A05-061A-4AB5-A8E0-707F6B26F246}.Release|Any CPU.ActiveCfg = Release|Any CPU
		{9C375A05-061A-4AB5-A8E0-707F6B26F246}.Release|Any CPU.Build.0 = Release|Any CPU
		{AFF002C3-1398-4B47-BA81-2D7CCE5810E7}.Debug|Any CPU.ActiveCfg = Debug|Any CPU
		{AFF002C3-1398-4B47-BA81-2D7CCE5810E7}.Debug|Any CPU.Build.0 = Debug|Any CPU
		{AFF002C3-1398-4B47-BA81-2D7CCE5810E7}.Release|Any CPU.ActiveCfg = Release|Any CPU
		{AFF002C3-1398-4B47-BA81-2D7CCE5810E7}.Release|Any CPU.Build.0 = Release|Any CPU
		{DA007106-3DBF-4FA6-887F-D9CF65BAFFC2}.Debug|Any CPU.ActiveCfg = Debug|Any CPU
		{DA007106-3DBF-4FA6-887F-D9CF65BAFFC2}.Debug|Any CPU.Build.0 = Debug|Any CPU
		{DA007106-3DBF-4FA6-887F-D9CF65BAFFC2}.Release|Any CPU.ActiveCfg = Release|Any CPU
		{DA007106-3DBF-4FA6-887F-D9CF65BAFFC2}.Release|Any CPU.Build.0 = Release|Any CPU
	EndGlobalSection
	GlobalSection(SolutionProperties) = preSolution
		HideSolutionNode = FALSE
	EndGlobalSection
	GlobalSection(NestedProjects) = preSolution
		{E6BBFF6F-4BBC-4954-A0CE-BB1D7D1FD0F4} = {BADE2592-2DAB-413D-B57B-74A9864ADA7E}
		{842DA308-073E-45DD-9CC4-94EB803F8FCF} = {BADE2592-2DAB-413D-B57B-74A9864ADA7E}
		{9C375A05-061A-4AB5-A8E0-707F6B26F246} = {BADE2592-2DAB-413D-B57B-74A9864ADA7E}
		{AFF002C3-1398-4B47-BA81-2D7CCE5810E7} = {BADE2592-2DAB-413D-B57B-74A9864ADA7E}
		{DA007106-3DBF-4FA6-887F-D9CF65BAFFC2} = {BADE2592-2DAB-413D-B57B-74A9864ADA7E}
	EndGlobalSection
	GlobalSection(ExtensibilityGlobals) = postSolution
		SolutionGuid = {147453B1-21BB-489C-944C-AF22FA964E2F}
	EndGlobalSection
EndGlobal
